lockfileVersion: '9.0'

settings:
  autoInstallPeers: true
  excludeLinksFromLockfile: false

importers:

  .:
    dependencies:
      '@vue/theme':
        specifier: ^2.2.4
        version: 2.2.4(@algolia/client-search@4.19.1)(search-insights@2.8.2)(vitepress@1.0.0-rc.10(@algolia/client-search@4.19.1)(search-insights@2.8.2))(vue@3.3.4)
    devDependencies:
      vitepress:
        specifier: 1.0.0-rc.10
        version: 1.0.0-rc.10(@algolia/client-search@4.19.1)(search-insights@2.8.2)
      vue:
        specifier: ^3.3.4
        version: 3.3.4

packages:

  '@algolia/autocomplete-core@1.9.3':
    resolution: {integrity: sha1-HVZIKnaMM6rghoyFMwSeAuiWG+c=}

  '@algolia/autocomplete-plugin-algolia-insights@1.9.3':
    resolution: {integrity: sha1-m3+GQQUsjq1tZsFiPURMvhnd5Yc=}
    peerDependencies:
      search-insights: '>= 1 < 3'

  '@algolia/autocomplete-preset-algolia@1.9.3':
    resolution: {integrity: sha1-ZMykpDBM/K0s9zDoMGfgwbL0hdo=}
    peerDependencies:
      '@algolia/client-search': '>= 4.9.1 < 6'
      algoliasearch: '>= 4.9.1 < 6'

  '@algolia/autocomplete-shared@1.9.3':
    resolution: {integrity: sha1-LiLoMNNvCpzywMzTx/bVlDW3ffo=}
    peerDependencies:
      '@algolia/client-search': '>= 4.9.1 < 6'
      algoliasearch: '>= 4.9.1 < 6'

  '@algolia/cache-browser-local-storage@4.19.1':
    resolution: {integrity: sha1-0p9Cd17U0RcYKJesFkUZxZP685k=}

  '@algolia/cache-common@4.19.1':
    resolution: {integrity: sha1-+qXurK/9YCPCzybphmvbBhk/myY=}

  '@algolia/cache-in-memory@4.19.1':
    resolution: {integrity: sha1-r+Tw8hFJgANYN5hxCJ4BQftyQVs=}

  '@algolia/client-account@4.19.1':
    resolution: {integrity: sha1-H6ZYgbqrea01r2vPRGRqE7jV7ck=}

  '@algolia/client-analytics@4.19.1':
    resolution: {integrity: sha1-5u15rNTeWgKEyWlr9OHCUni6NNs=}

  '@algolia/client-common@4.19.1':
    resolution: {integrity: sha1-QKg4cxb6YdYq0Qkb6zqOIn8AjnU=}

  '@algolia/client-personalization@4.19.1':
    resolution: {integrity: sha1-/jYuBoTcdMNQTDZBxadIjGrgLgc=}

  '@algolia/client-search@4.19.1':
    resolution: {integrity: sha1-XlRgGqX1zqeQzsPyzeSvnWQDhx4=}

  '@algolia/logger-common@4.19.1':
    resolution: {integrity: sha1-DkahFRDz6U4a/ArHgK5S6Vl7548=}

  '@algolia/logger-console@4.19.1':
    resolution: {integrity: sha1-ZWpvTrtd45r273CVw5jZqzzOuH0=}

  '@algolia/requester-browser-xhr@4.19.1':
    resolution: {integrity: sha1-c0HqL5gLiYCil2EQFCAmch5FIYc=}

  '@algolia/requester-common@4.19.1':
    resolution: {integrity: sha1-8zlsd2MbnTbo1Nb4GaLCf53b96E=}

  '@algolia/requester-node-http@4.19.1':
    resolution: {integrity: sha1-6iEN6WQmKLO92h3X/NH8tobaRC4=}

  '@algolia/transporter@4.19.1':
    resolution: {integrity: sha1-tXhymXQMS+yboFUC2YwUtZmYYMg=}

  '@babel/helper-string-parser@7.22.5':
    resolution: {integrity: sha1-Uz82RXolgUzx32SIUjrVR9eEqZ8=}
    engines: {node: '>=6.9.0'}

  '@babel/helper-validator-identifier@7.22.15':
    resolution: {integrity: sha1-YB+ijkzAZ4bBiRLcoTjOxzuIIEQ=}
    engines: {node: '>=6.9.0'}

  '@babel/parser@7.22.16':
    resolution: {integrity: sha1-GArq1/JHMFzOZVG+onIJNOL6LJU=}
    engines: {node: '>=6.0.0'}
    hasBin: true

  '@babel/types@7.22.15':
    resolution: {integrity: sha1-JmyyHSxf0LOTHnqRtt1y0vYX0oI=}
    engines: {node: '>=6.9.0'}

  '@docsearch/css@3.5.2':
    resolution: {integrity: sha1-YQ9HtIgUypQEHflp2fzEe5H8Wqw=}

  '@docsearch/js@3.5.2':
    resolution: {integrity: sha1-oRyy5+YokOnpQCg/7Wly7PYyYp0=}

  '@docsearch/react@3.5.2':
    resolution: {integrity: sha1-Lmu+4A62czO2SQY1JzTaau8SMrk=}
    peerDependencies:
      '@types/react': '>= 16.8.0 < 19.0.0'
      react: '>= 16.8.0 < 19.0.0'
      react-dom: '>= 16.8.0 < 19.0.0'
      search-insights: '>= 1 < 3'
    peerDependenciesMeta:
      '@types/react':
        optional: true
      react:
        optional: true
      react-dom:
        optional: true
      search-insights:
        optional: true

  '@esbuild/android-arm64@0.18.20':
    resolution: {integrity: sha1-mEtPnI0Dd0Q8wt/O8mbQIkRZNiI=, tarball: https://pkgs.d.xiaomi.net:443/artifactory/api/npm/mi-npm/@esbuild/android-arm64/-/android-arm64-0.18.20.tgz}
    engines: {node: '>=12'}
    cpu: [arm64]
    os: [android]

  '@esbuild/android-arm@0.18.20':
    resolution: {integrity: sha1-/tsmW8OlichMwR+BCATyNJR8NoI=, tarball: https://pkgs.d.xiaomi.net:443/artifactory/api/npm/mi-npm/@esbuild/android-arm/-/android-arm-0.18.20.tgz}
    engines: {node: '>=12'}
    cpu: [arm]
    os: [android]

  '@esbuild/android-x64@0.18.20':
    resolution: {integrity: sha1-Nc9BnEz8i6voiT0pbNmQ6en3VvI=, tarball: https://pkgs.d.xiaomi.net:443/artifactory/api/npm/mi-npm/@esbuild/android-x64/-/android-x64-0.18.20.tgz}
    engines: {node: '>=12'}
    cpu: [x64]
    os: [android]

  '@esbuild/darwin-arm64@0.18.20':
    resolution: {integrity: sha1-CBcsvsz5X7w4M5mn85z73a6w18E=, tarball: https://pkgs.d.xiaomi.net:443/artifactory/api/npm/mi-npm/@esbuild/darwin-arm64/-/darwin-arm64-0.18.20.tgz}
    engines: {node: '>=12'}
    cpu: [arm64]
    os: [darwin]

  '@esbuild/darwin-x64@0.18.20':
    resolution: {integrity: sha1-1w1XkNi/R1VWtn0Pi3xb3/BT2F0=, tarball: https://pkgs.d.xiaomi.net:443/artifactory/api/npm/mi-npm/@esbuild/darwin-x64/-/darwin-x64-0.18.20.tgz}
    engines: {node: '>=12'}
    cpu: [x64]
    os: [darwin]

  '@esbuild/freebsd-arm64@0.18.20':
    resolution: {integrity: sha1-mHVc0ScH+T8hDiSU1qS1G5aXf1Q=, tarball: https://pkgs.d.xiaomi.net:443/artifactory/api/npm/mi-npm/@esbuild/freebsd-arm64/-/freebsd-arm64-0.18.20.tgz}
    engines: {node: '>=12'}
    cpu: [arm64]
    os: [freebsd]

  '@esbuild/freebsd-x64@0.18.20':
    resolution: {integrity: sha1-wesr/wORX4fCnOzkwaf6H0I7Bm4=, tarball: https://pkgs.d.xiaomi.net:443/artifactory/api/npm/mi-npm/@esbuild/freebsd-x64/-/freebsd-x64-0.18.20.tgz}
    engines: {node: '>=12'}
    cpu: [x64]
    os: [freebsd]

  '@esbuild/linux-arm64@0.18.20':
    resolution: {integrity: sha1-utQji9j0/CW1oCEoDHcKtfw6AqA=, tarball: https://pkgs.d.xiaomi.net:443/artifactory/api/npm/mi-npm/@esbuild/linux-arm64/-/linux-arm64-0.18.20.tgz}
    engines: {node: '>=12'}
    cpu: [arm64]
    os: [linux]

  '@esbuild/linux-arm@0.18.20':
    resolution: {integrity: sha1-PmF8YfM1CKJxUO5BdUPIq1rMc7A=, tarball: https://pkgs.d.xiaomi.net:443/artifactory/api/npm/mi-npm/@esbuild/linux-arm/-/linux-arm-0.18.20.tgz}
    engines: {node: '>=12'}
    cpu: [arm]
    os: [linux]

  '@esbuild/linux-ia32@0.18.20':
    resolution: {integrity: sha1-aZORzMupruYBm3+YkuuZIZ8VcKc=, tarball: https://pkgs.d.xiaomi.net:443/artifactory/api/npm/mi-npm/@esbuild/linux-ia32/-/linux-ia32-0.18.20.tgz}
    engines: {node: '>=12'}
    cpu: [ia32]
    os: [linux]

  '@esbuild/linux-loong64@0.18.20':
    resolution: {integrity: sha1-5vzLeqwXjdL/uYYEZayJ1/I7l30=, tarball: https://pkgs.d.xiaomi.net:443/artifactory/api/npm/mi-npm/@esbuild/linux-loong64/-/linux-loong64-0.18.20.tgz}
    engines: {node: '>=12'}
    cpu: [loong64]
    os: [linux]

  '@esbuild/linux-mips64el@0.18.20':
    resolution: {integrity: sha1-7v86k33pwjEN4wYiqVetG9kYMjE=, tarball: https://pkgs.d.xiaomi.net:443/artifactory/api/npm/mi-npm/@esbuild/linux-mips64el/-/linux-mips64el-0.18.20.tgz}
    engines: {node: '>=12'}
    cpu: [mips64el]
    os: [linux]

  '@esbuild/linux-ppc64@0.18.20':
    resolution: {integrity: sha1-L3FWveILAVJ5k+aIFDWtebqVmfs=, tarball: https://pkgs.d.xiaomi.net:443/artifactory/api/npm/mi-npm/@esbuild/linux-ppc64/-/linux-ppc64-0.18.20.tgz}
    engines: {node: '>=12'}
    cpu: [ppc64]
    os: [linux]

  '@esbuild/linux-riscv64@0.18.20':
    resolution: {integrity: sha1-Zig4nyEBI9i0dDBFr4yqfU3fx6Y=, tarball: https://pkgs.d.xiaomi.net:443/artifactory/api/npm/mi-npm/@esbuild/linux-riscv64/-/linux-riscv64-0.18.20.tgz}
    engines: {node: '>=12'}
    cpu: [riscv64]
    os: [linux]

  '@esbuild/linux-s390x@0.18.20':
    resolution: {integrity: sha1-JV6B+yibEBAmExhYq5n7pj3PAHE=, tarball: https://pkgs.d.xiaomi.net:443/artifactory/api/npm/mi-npm/@esbuild/linux-s390x/-/linux-s390x-0.18.20.tgz}
    engines: {node: '>=12'}
    cpu: [s390x]
    os: [linux]

  '@esbuild/linux-x64@0.18.20':
    resolution: {integrity: sha1-x2kLNBevMYqbb5bfMDGohlF20zg=, tarball: https://pkgs.d.xiaomi.net:443/artifactory/api/npm/mi-npm/@esbuild/linux-x64/-/linux-x64-0.18.20.tgz}
    engines: {node: '>=12'}
    cpu: [x64]
    os: [linux]

  '@esbuild/netbsd-x64@0.18.20':
    resolution: {integrity: sha1-MOjNij3e1jl14t8kOMoQlgHr4NE=, tarball: https://pkgs.d.xiaomi.net:443/artifactory/api/npm/mi-npm/@esbuild/netbsd-x64/-/netbsd-x64-0.18.20.tgz}
    engines: {node: '>=12'}
    cpu: [x64]
    os: [netbsd]

  '@esbuild/openbsd-x64@0.18.20':
    resolution: {integrity: sha1-eBKvMbIFBVh0yAguqc+asNpiF64=, tarball: https://pkgs.d.xiaomi.net:443/artifactory/api/npm/mi-npm/@esbuild/openbsd-x64/-/openbsd-x64-0.18.20.tgz}
    engines: {node: '>=12'}
    cpu: [x64]
    os: [openbsd]

  '@esbuild/sunos-x64@0.18.20':
    resolution: {integrity: sha1-1cJ1w7TnPJsOzTjRymLAIPiHq50=, tarball: https://pkgs.d.xiaomi.net:443/artifactory/api/npm/mi-npm/@esbuild/sunos-x64/-/sunos-x64-0.18.20.tgz}
    engines: {node: '>=12'}
    cpu: [x64]
    os: [sunos]

  '@esbuild/win32-arm64@0.18.20':
    resolution: {integrity: sha1-c7x/Wp+Kd4BfNX+rl/KQ0OSCCsk=, tarball: https://pkgs.d.xiaomi.net:443/artifactory/api/npm/mi-npm/@esbuild/win32-arm64/-/win32-arm64-0.18.20.tgz}
    engines: {node: '>=12'}
    cpu: [arm64]
    os: [win32]

  '@esbuild/win32-ia32@0.18.20':
    resolution: {integrity: sha1-7JPL8O8QhcwS5x4NZh0gVp/0IQI=, tarball: https://pkgs.d.xiaomi.net:443/artifactory/api/npm/mi-npm/@esbuild/win32-ia32/-/win32-ia32-0.18.20.tgz}
    engines: {node: '>=12'}
    cpu: [ia32]
    os: [win32]

  '@esbuild/win32-x64@0.18.20':
    resolution: {integrity: sha1-eGxfQfBDsHr7GvN2g9fDNmiFj20=, tarball: https://pkgs.d.xiaomi.net:443/artifactory/api/npm/mi-npm/@esbuild/win32-x64/-/win32-x64-0.18.20.tgz}
    engines: {node: '>=12'}
    cpu: [x64]
    os: [win32]

  '@jridgewell/sourcemap-codec@1.4.15':
    resolution: {integrity: sha1-18bmdVx4VnqVHgSrUu8P0m3lnzI=}

  '@types/web-bluetooth@0.0.16':
    resolution: {integrity: sha1-HRKHOo5JVnNx8qdf4+f37cpmYtg=}

  '@types/web-bluetooth@0.0.17':
    resolution: {integrity: sha1-XJ88YX9kqXNde3KnzGceFm2QDEA=}

  '@vue/compiler-core@3.3.4':
    resolution: {integrity: sha1-f79ZHBwZ4azSj/0oRSbpi09YESg=}

  '@vue/compiler-dom@3.3.4':
    resolution: {integrity: sha1-9W4JtfTX3DUPmBeE3pcT2CM0EVE=}

  '@vue/compiler-sfc@3.3.4':
    resolution: {integrity: sha1-sZ2ULHGTiJNTW0YibWAnIFkwAd8=}

  '@vue/compiler-ssr@3.3.4':
    resolution: {integrity: sha1-nRN5q/+k8rDNhEF0zuxKlyETh3c=}

  '@vue/devtools-api@6.5.0':
    resolution: {integrity: sha1-mLmUJe3ucLTJkmkmKPoeosHlfQc=}

  '@vue/reactivity-transform@3.3.4':
    resolution: {integrity: sha1-UpCEduNNamXGwhzSci1B7YrlGSk=}

  '@vue/reactivity@3.3.4':
    resolution: {integrity: sha1-onopxs0X+rpaDpn7uG7pUWU+IlM=}

  '@vue/runtime-core@3.3.4':
    resolution: {integrity: sha1-S7M4cru1g3IbNA8wiIiDlBlZZ9E=}

  '@vue/runtime-dom@3.3.4':
    resolution: {integrity: sha1-mS8ledDtbOlh9Hu+m/5LZ5ElFWY=}

  '@vue/server-renderer@3.3.4':
    resolution: {integrity: sha1-6kZZS3ldFTbym8WS3Q9mVffqTEw=}
    peerDependencies:
      vue: 3.3.4

  '@vue/shared@3.3.4':
    resolution: {integrity: sha1-Bug8UCf0ZO74YcMpvoFFS8i3B4A=}

  '@vue/theme@2.2.4':
    resolution: {integrity: sha1-C4kSaRTHC5f9Tcn5dLLVWLAYmMM=}
    peerDependencies:
      vitepress: ^1.0.0-alpha.60

  '@vueuse/core@10.4.1':
    resolution: {integrity: sha1-/CyKg6Vxwgeq7b45OyLaptNRI/I=}

  '@vueuse/core@9.13.0':
    resolution: {integrity: sha1-L2nmbRkFweTuvCSaAXWc+I6gDPQ=}

  '@vueuse/integrations@10.4.1':
    resolution: {integrity: sha1-pINWoLrUn15yTNmsrr1z0rZvIqk=}
    peerDependencies:
      async-validator: '*'
      axios: '*'
      change-case: '*'
      drauu: '*'
      focus-trap: '*'
      fuse.js: '*'
      idb-keyval: '*'
      jwt-decode: '*'
      nprogress: '*'
      qrcode: '*'
      sortablejs: '*'
      universal-cookie: '*'
    peerDependenciesMeta:
      async-validator:
        optional: true
      axios:
        optional: true
      change-case:
        optional: true
      drauu:
        optional: true
      focus-trap:
        optional: true
      fuse.js:
        optional: true
      idb-keyval:
        optional: true
      jwt-decode:
        optional: true
      nprogress:
        optional: true
      qrcode:
        optional: true
      sortablejs:
        optional: true
      universal-cookie:
        optional: true

  '@vueuse/metadata@10.4.1':
    resolution: {integrity: sha1-nS/1xnq/F6jAeGXCQT+9DpL3t9c=}

  '@vueuse/metadata@9.13.0':
    resolution: {integrity: sha1-vCWmza0bGpPDbOMBkRJNplIFOf8=}

  '@vueuse/shared@10.4.1':
    resolution: {integrity: sha1-1c4zAzwVbvtgZktdYDTWzU4vUww=}

  '@vueuse/shared@9.13.0':
    resolution: {integrity: sha1-CJ/0zE4uekAV5XqPMuSznQljU7k=}

  algoliasearch@4.19.1:
    resolution: {integrity: sha1-GBEftCLq+EFzetuS1asSEz0kQhg=}

  ansi-sequence-parser@1.1.1:
    resolution: {integrity: sha1-4Koc3LyPi7C1vKYlqsQfXwVpc88=}

  body-scroll-lock@3.1.5:
    resolution: {integrity: sha1-wTktkhftLD4jf+4ekQ9s3YC3quw=}

  csstype@3.1.2:
    resolution: {integrity: sha1-HUv51XLxHBQDHwQ24cELwfVx9Qs=}

  esbuild@0.18.20:
    resolution: {integrity: sha1-Rwn1o0gBtDt5mrfW2C9yhKm3p6Y=}
    engines: {node: '>=12'}
    hasBin: true

  estree-walker@2.0.2:
    resolution: {integrity: sha1-UvAQF4wqTBF6d1fP6UKtt9LaTKw=}

  focus-trap@7.5.2:
    resolution: {integrity: sha1-5e5njRChhlHyWR/7ZslJ+wmNV88=}

  fsevents@2.3.3:
    resolution: {integrity: sha1-ysZAd4XQNnWipeGlMFxpezR9kNY=, tarball: https://pkgs.d.xiaomi.net:443/artifactory/api/npm/mi-npm/fsevents/-/fsevents-2.3.3.tgz}
    engines: {node: ^8.16.0 || ^10.6.0 || >=11.0.0}
    os: [darwin]

  jsonc-parser@3.2.0:
    resolution: {integrity: sha1-Mf8/TCuXk/icZyEmJ8UcY5T4jnY=}

  magic-string@0.30.3:
    resolution: {integrity: sha1-QDdV39nWs5jfpAY11S6WxawJW4U=}
    engines: {node: '>=12'}

  mark.js@8.11.1:
    resolution: {integrity: sha1-GA8fnr74sOY45BZq1S24eb6y/8U=}

  minisearch@6.1.0:
    resolution: {integrity: sha1-bnTnQ9vQ6I+lylL+8jkeCqcFUlI=}

  nanoid@3.3.6:
    resolution: {integrity: sha1-RDOAyFbW6fmCQmfZYLQjatWD6kw=}
    engines: {node: ^10 || ^12 || ^13.7 || ^14 || >=15.0.1}
    hasBin: true

  normalize.css@8.0.1:
    resolution: {integrity: sha1-m5iiCHOLnMJjTKrLxC0THJdIe/M=}

  picocolors@1.0.0:
    resolution: {integrity: sha1-y1vcdP8/UYkiNur3nWi8RFZKuBw=}

  postcss@8.4.29:
    resolution: {integrity: sha1-M7wSHPOzaI1N3vUL6GmypUGFod0=}
    engines: {node: ^10 || ^12 || >=14}

  preact@10.17.1:
    resolution: {integrity: sha1-Chs8ZYwBnnWTJrlkjGKRLPXC3eE=}

  rollup@3.29.0:
    resolution: {integrity: sha1-G0DmSBivyXnH5b75PeZ1gpKImGs=}
    engines: {node: '>=14.18.0', npm: '>=8.0.0'}
    hasBin: true

  search-insights@2.8.2:
    resolution: {integrity: sha1-AMjnlexWe4BgvUbT5rhAu1ZmXWM=, tarball: https://pkgs.d.xiaomi.net:443/artifactory/api/npm/mi-npm/search-insights/-/search-insights-2.8.2.tgz}

  shiki@0.14.4:
    resolution: {integrity: sha1-JFSWm0ZqX3UGfQ8voNdCbTKIGyA=}

  source-map-js@1.0.2:
    resolution: {integrity: sha1-rbw2HZxi3zgBJefxYfccgm8eSQw=}
    engines: {node: '>=0.10.0'}

  tabbable@6.2.0:
    resolution: {integrity: sha1-cy+2K8AXXPzsJXMwvhh9z7ofO5c=}

  to-fast-properties@2.0.0:
    resolution: {integrity: sha1-3F5pjL0HkmW8c+A3doGk5Og/YW4=}
    engines: {node: '>=4'}

  vite@4.4.9:
    resolution: {integrity: sha1-FAJCPxovjWb9jRXjURJ8cjbSnT0=}
    engines: {node: ^14.18.0 || >=16.0.0}
    hasBin: true
    peerDependencies:
      '@types/node': '>= 14'
      less: '*'
      lightningcss: ^1.21.0
      sass: '*'
      stylus: '*'
      sugarss: '*'
      terser: ^5.4.0
    peerDependenciesMeta:
      '@types/node':
        optional: true
      less:
        optional: true
      lightningcss:
        optional: true
      sass:
        optional: true
      stylus:
        optional: true
      sugarss:
        optional: true
      terser:
        optional: true

  vitepress@1.0.0-rc.10:
    resolution: {integrity: sha1-wzNh6Eoa1k0+swOdwwLcTwAFRYU=}
    hasBin: true

  vscode-oniguruma@1.7.0:
    resolution: {integrity: sha1-Q5v62P5xq9d5gzjRzT3FOovuqUs=}

  vscode-textmate@8.0.0:
    resolution: {integrity: sha1-LHo7EWPvBEEJfgtdY4nNVQS1nl0=}

  vue-demi@0.14.6:
    resolution: {integrity: sha1-3HBlgoUdwc3BegBU9P7C6233TJI=}
    engines: {node: '>=12'}
    hasBin: true
    peerDependencies:
      '@vue/composition-api': ^1.0.0-rc.1
      vue: ^3.0.0-0 || ^2.6.0
    peerDependenciesMeta:
      '@vue/composition-api':
        optional: true

  vue@3.3.4:
    resolution: {integrity: sha1-jtlF04c2Z98dD887JGOtoCj4i9Y=}

snapshots:

  '@algolia/autocomplete-core@1.9.3(@algolia/client-search@4.19.1)(algoliasearch@4.19.1)(search-insights@2.8.2)':
    dependencies:
      '@algolia/autocomplete-plugin-algolia-insights': 1.9.3(@algolia/client-search@4.19.1)(algoliasearch@4.19.1)(search-insights@2.8.2)
      '@algolia/autocomplete-shared': 1.9.3(@algolia/client-search@4.19.1)(algoliasearch@4.19.1)
    transitivePeerDependencies:
      - '@algolia/client-search'
      - algoliasearch
      - search-insights

  '@algolia/autocomplete-plugin-algolia-insights@1.9.3(@algolia/client-search@4.19.1)(algoliasearch@4.19.1)(search-insights@2.8.2)':
    dependencies:
      '@algolia/autocomplete-shared': 1.9.3(@algolia/client-search@4.19.1)(algoliasearch@4.19.1)
      search-insights: 2.8.2
    transitivePeerDependencies:
      - '@algolia/client-search'
      - algoliasearch

  '@algolia/autocomplete-preset-algolia@1.9.3(@algolia/client-search@4.19.1)(algoliasearch@4.19.1)':
    dependencies:
      '@algolia/autocomplete-shared': 1.9.3(@algolia/client-search@4.19.1)(algoliasearch@4.19.1)
      '@algolia/client-search': 4.19.1
      algoliasearch: 4.19.1

  '@algolia/autocomplete-shared@1.9.3(@algolia/client-search@4.19.1)(algoliasearch@4.19.1)':
    dependencies:
      '@algolia/client-search': 4.19.1
      algoliasearch: 4.19.1

  '@algolia/cache-browser-local-storage@4.19.1':
    dependencies:
      '@algolia/cache-common': 4.19.1

  '@algolia/cache-common@4.19.1': {}

  '@algolia/cache-in-memory@4.19.1':
    dependencies:
      '@algolia/cache-common': 4.19.1

  '@algolia/client-account@4.19.1':
    dependencies:
      '@algolia/client-common': 4.19.1
      '@algolia/client-search': 4.19.1
      '@algolia/transporter': 4.19.1

  '@algolia/client-analytics@4.19.1':
    dependencies:
      '@algolia/client-common': 4.19.1
      '@algolia/client-search': 4.19.1
      '@algolia/requester-common': 4.19.1
      '@algolia/transporter': 4.19.1

  '@algolia/client-common@4.19.1':
    dependencies:
      '@algolia/requester-common': 4.19.1
      '@algolia/transporter': 4.19.1

  '@algolia/client-personalization@4.19.1':
    dependencies:
      '@algolia/client-common': 4.19.1
      '@algolia/requester-common': 4.19.1
      '@algolia/transporter': 4.19.1

  '@algolia/client-search@4.19.1':
    dependencies:
      '@algolia/client-common': 4.19.1
      '@algolia/requester-common': 4.19.1
      '@algolia/transporter': 4.19.1

  '@algolia/logger-common@4.19.1': {}

  '@algolia/logger-console@4.19.1':
    dependencies:
      '@algolia/logger-common': 4.19.1

  '@algolia/requester-browser-xhr@4.19.1':
    dependencies:
      '@algolia/requester-common': 4.19.1

  '@algolia/requester-common@4.19.1': {}

  '@algolia/requester-node-http@4.19.1':
    dependencies:
      '@algolia/requester-common': 4.19.1

  '@algolia/transporter@4.19.1':
    dependencies:
      '@algolia/cache-common': 4.19.1
      '@algolia/logger-common': 4.19.1
      '@algolia/requester-common': 4.19.1

  '@babel/helper-string-parser@7.22.5': {}

  '@babel/helper-validator-identifier@7.22.15': {}

  '@babel/parser@7.22.16':
    dependencies:
      '@babel/types': 7.22.15

  '@babel/types@7.22.15':
    dependencies:
      '@babel/helper-string-parser': 7.22.5
      '@babel/helper-validator-identifier': 7.22.15
      to-fast-properties: 2.0.0

  '@docsearch/css@3.5.2': {}

  '@docsearch/js@3.5.2(@algolia/client-search@4.19.1)(search-insights@2.8.2)':
    dependencies:
      '@docsearch/react': 3.5.2(@algolia/client-search@4.19.1)(search-insights@2.8.2)
      preact: 10.17.1
    transitivePeerDependencies:
      - '@algolia/client-search'
      - '@types/react'
      - react
      - react-dom
      - search-insights

  '@docsearch/react@3.5.2(@algolia/client-search@4.19.1)(search-insights@2.8.2)':
    dependencies:
      '@algolia/autocomplete-core': 1.9.3(@algolia/client-search@4.19.1)(algoliasearch@4.19.1)(search-insights@2.8.2)
      '@algolia/autocomplete-preset-algolia': 1.9.3(@algolia/client-search@4.19.1)(algoliasearch@4.19.1)
      '@docsearch/css': 3.5.2
      algoliasearch: 4.19.1
    optionalDependencies:
      search-insights: 2.8.2
    transitivePeerDependencies:
      - '@algolia/client-search'

  '@esbuild/android-arm64@0.18.20':
    optional: true

  '@esbuild/android-arm@0.18.20':
    optional: true

  '@esbuild/android-x64@0.18.20':
    optional: true

  '@esbuild/darwin-arm64@0.18.20':
    optional: true

  '@esbuild/darwin-x64@0.18.20':
    optional: true

  '@esbuild/freebsd-arm64@0.18.20':
    optional: true

  '@esbuild/freebsd-x64@0.18.20':
    optional: true

  '@esbuild/linux-arm64@0.18.20':
    optional: true

  '@esbuild/linux-arm@0.18.20':
    optional: true

  '@esbuild/linux-ia32@0.18.20':
    optional: true

  '@esbuild/linux-loong64@0.18.20':
    optional: true

  '@esbuild/linux-mips64el@0.18.20':
    optional: true

  '@esbuild/linux-ppc64@0.18.20':
    optional: true

  '@esbuild/linux-riscv64@0.18.20':
    optional: true

  '@esbuild/linux-s390x@0.18.20':
    optional: true

  '@esbuild/linux-x64@0.18.20':
    optional: true

  '@esbuild/netbsd-x64@0.18.20':
    optional: true

  '@esbuild/openbsd-x64@0.18.20':
    optional: true

  '@esbuild/sunos-x64@0.18.20':
    optional: true

  '@esbuild/win32-arm64@0.18.20':
    optional: true

  '@esbuild/win32-ia32@0.18.20':
    optional: true

  '@esbuild/win32-x64@0.18.20':
    optional: true

  '@jridgewell/sourcemap-codec@1.4.15': {}

  '@types/web-bluetooth@0.0.16': {}

  '@types/web-bluetooth@0.0.17': {}

  '@vue/compiler-core@3.3.4':
    dependencies:
      '@babel/parser': 7.22.16
      '@vue/shared': 3.3.4
      estree-walker: 2.0.2
      source-map-js: 1.0.2

  '@vue/compiler-dom@3.3.4':
    dependencies:
      '@vue/compiler-core': 3.3.4
      '@vue/shared': 3.3.4

  '@vue/compiler-sfc@3.3.4':
    dependencies:
      '@babel/parser': 7.22.16
      '@vue/compiler-core': 3.3.4
      '@vue/compiler-dom': 3.3.4
      '@vue/compiler-ssr': 3.3.4
      '@vue/reactivity-transform': 3.3.4
      '@vue/shared': 3.3.4
      estree-walker: 2.0.2
      magic-string: 0.30.3
      postcss: 8.4.29
      source-map-js: 1.0.2

  '@vue/compiler-ssr@3.3.4':
    dependencies:
      '@vue/compiler-dom': 3.3.4
      '@vue/shared': 3.3.4

  '@vue/devtools-api@6.5.0': {}

  '@vue/reactivity-transform@3.3.4':
    dependencies:
      '@babel/parser': 7.22.16
      '@vue/compiler-core': 3.3.4
      '@vue/shared': 3.3.4
      estree-walker: 2.0.2
      magic-string: 0.30.3

  '@vue/reactivity@3.3.4':
    dependencies:
      '@vue/shared': 3.3.4

  '@vue/runtime-core@3.3.4':
    dependencies:
      '@vue/reactivity': 3.3.4
      '@vue/shared': 3.3.4

  '@vue/runtime-dom@3.3.4':
    dependencies:
      '@vue/runtime-core': 3.3.4
      '@vue/shared': 3.3.4
      csstype: 3.1.2

  '@vue/server-renderer@3.3.4(vue@3.3.4)':
    dependencies:
      '@vue/compiler-ssr': 3.3.4
      '@vue/shared': 3.3.4
      vue: 3.3.4

  '@vue/shared@3.3.4': {}

  '@vue/theme@2.2.4(@algolia/client-search@4.19.1)(search-insights@2.8.2)(vitepress@1.0.0-rc.10(@algolia/client-search@4.19.1)(search-insights@2.8.2))(vue@3.3.4)':
    dependencies:
      '@docsearch/css': 3.5.2
      '@docsearch/js': 3.5.2(@algolia/client-search@4.19.1)(search-insights@2.8.2)
      '@vueuse/core': 9.13.0(vue@3.3.4)
      body-scroll-lock: 3.1.5
      normalize.css: 8.0.1
      vitepress: 1.0.0-rc.10(@algolia/client-search@4.19.1)(search-insights@2.8.2)
    transitivePeerDependencies:
      - '@algolia/client-search'
      - '@types/react'
      - '@vue/composition-api'
      - react
      - react-dom
      - search-insights
      - vue

  '@vueuse/core@10.4.1(vue@3.3.4)':
    dependencies:
      '@types/web-bluetooth': 0.0.17
      '@vueuse/metadata': 10.4.1
      '@vueuse/shared': 10.4.1(vue@3.3.4)
      vue-demi: 0.14.6(vue@3.3.4)
    transitivePeerDependencies:
      - '@vue/composition-api'
      - vue

  '@vueuse/core@9.13.0(vue@3.3.4)':
    dependencies:
      '@types/web-bluetooth': 0.0.16
      '@vueuse/metadata': 9.13.0
      '@vueuse/shared': 9.13.0(vue@3.3.4)
      vue-demi: 0.14.6(vue@3.3.4)
    transitivePeerDependencies:
      - '@vue/composition-api'
      - vue

  '@vueuse/integrations@10.4.1(focus-trap@7.5.2)(vue@3.3.4)':
    dependencies:
      '@vueuse/core': 10.4.1(vue@3.3.4)
      '@vueuse/shared': 10.4.1(vue@3.3.4)
      vue-demi: 0.14.6(vue@3.3.4)
    optionalDependencies:
      focus-trap: 7.5.2
    transitivePeerDependencies:
      - '@vue/composition-api'
      - vue

  '@vueuse/metadata@10.4.1': {}

  '@vueuse/metadata@9.13.0': {}

  '@vueuse/shared@10.4.1(vue@3.3.4)':
    dependencies:
      vue-demi: 0.14.6(vue@3.3.4)
    transitivePeerDependencies:
      - '@vue/composition-api'
      - vue

  '@vueuse/shared@9.13.0(vue@3.3.4)':
    dependencies:
      vue-demi: 0.14.6(vue@3.3.4)
    transitivePeerDependencies:
      - '@vue/composition-api'
      - vue

  algoliasearch@4.19.1:
    dependencies:
      '@algolia/cache-browser-local-storage': 4.19.1
      '@algolia/cache-common': 4.19.1
      '@algolia/cache-in-memory': 4.19.1
      '@algolia/client-account': 4.19.1
      '@algolia/client-analytics': 4.19.1
      '@algolia/client-common': 4.19.1
      '@algolia/client-personalization': 4.19.1
      '@algolia/client-search': 4.19.1
      '@algolia/logger-common': 4.19.1
      '@algolia/logger-console': 4.19.1
      '@algolia/requester-browser-xhr': 4.19.1
      '@algolia/requester-common': 4.19.1
      '@algolia/requester-node-http': 4.19.1
      '@algolia/transporter': 4.19.1

  ansi-sequence-parser@1.1.1: {}

  body-scroll-lock@3.1.5: {}

  csstype@3.1.2: {}

  esbuild@0.18.20:
    optionalDependencies:
      '@esbuild/android-arm': 0.18.20
      '@esbuild/android-arm64': 0.18.20
      '@esbuild/android-x64': 0.18.20
      '@esbuild/darwin-arm64': 0.18.20
      '@esbuild/darwin-x64': 0.18.20
      '@esbuild/freebsd-arm64': 0.18.20
      '@esbuild/freebsd-x64': 0.18.20
      '@esbuild/linux-arm': 0.18.20
      '@esbuild/linux-arm64': 0.18.20
      '@esbuild/linux-ia32': 0.18.20
      '@esbuild/linux-loong64': 0.18.20
      '@esbuild/linux-mips64el': 0.18.20
      '@esbuild/linux-ppc64': 0.18.20
      '@esbuild/linux-riscv64': 0.18.20
      '@esbuild/linux-s390x': 0.18.20
      '@esbuild/linux-x64': 0.18.20
      '@esbuild/netbsd-x64': 0.18.20
      '@esbuild/openbsd-x64': 0.18.20
      '@esbuild/sunos-x64': 0.18.20
      '@esbuild/win32-arm64': 0.18.20
      '@esbuild/win32-ia32': 0.18.20
      '@esbuild/win32-x64': 0.18.20

  estree-walker@2.0.2: {}

  focus-trap@7.5.2:
    dependencies:
      tabbable: 6.2.0

  fsevents@2.3.3:
    optional: true

  jsonc-parser@3.2.0: {}

  magic-string@0.30.3:
    dependencies:
      '@jridgewell/sourcemap-codec': 1.4.15

  mark.js@8.11.1: {}

  minisearch@6.1.0: {}

  nanoid@3.3.6: {}

  normalize.css@8.0.1: {}

  picocolors@1.0.0: {}

  postcss@8.4.29:
    dependencies:
      nanoid: 3.3.6
      picocolors: 1.0.0
      source-map-js: 1.0.2

  preact@10.17.1: {}

  rollup@3.29.0:
    optionalDependencies:
      fsevents: 2.3.3

  search-insights@2.8.2: {}

  shiki@0.14.4:
    dependencies:
      ansi-sequence-parser: 1.1.1
      jsonc-parser: 3.2.0
      vscode-oniguruma: 1.7.0
      vscode-textmate: 8.0.0

  source-map-js@1.0.2: {}

  tabbable@6.2.0: {}

  to-fast-properties@2.0.0: {}

  vite@4.4.9:
    dependencies:
      esbuild: 0.18.20
      postcss: 8.4.29
      rollup: 3.29.0
    optionalDependencies:
      fsevents: 2.3.3

  vitepress@1.0.0-rc.10(@algolia/client-search@4.19.1)(search-insights@2.8.2):
    dependencies:
      '@docsearch/css': 3.5.2
      '@docsearch/js': 3.5.2(@algolia/client-search@4.19.1)(search-insights@2.8.2)
      '@vue/devtools-api': 6.5.0
      '@vueuse/core': 10.4.1(vue@3.3.4)
      '@vueuse/integrations': 10.4.1(focus-trap@7.5.2)(vue@3.3.4)
      focus-trap: 7.5.2
      mark.js: 8.11.1
      minisearch: 6.1.0
      shiki: 0.14.4
      vite: 4.4.9
      vue: 3.3.4
    transitivePeerDependencies:
      - '@algolia/client-search'
      - '@types/node'
      - '@types/react'
      - '@vue/composition-api'
      - async-validator
      - axios
      - change-case
      - drauu
      - fuse.js
      - idb-keyval
      - jwt-decode
      - less
      - lightningcss
      - nprogress
      - qrcode
      - react
      - react-dom
      - sass
      - search-insights
      - sortablejs
      - stylus
      - sugarss
      - terser
      - universal-cookie

  vscode-oniguruma@1.7.0: {}

  vscode-textmate@8.0.0: {}

  vue-demi@0.14.6(vue@3.3.4):
    dependencies:
      vue: 3.3.4

  vue@3.3.4:
    dependencies:
      '@vue/compiler-dom': 3.3.4
      '@vue/compiler-sfc': 3.3.4
      '@vue/runtime-dom': 3.3.4
      '@vue/server-renderer': 3.3.4(vue@3.3.4)
      '@vue/shared': 3.3.4
